
Microsoft Visual Studio Solution File, Format Version 12.00
# Visual Studio Version 17
VisualStudioVersion = 17.11.35219.272
MinimumVisualStudioVersion = 10.0.40219.1
Project("{FAE04EC0-301F-11D3-BF4B-00C04F79EFBC}") = "Serialization", "src\Serialization\Serialization.csproj", "{37F40162-5A1A-440C-A696-D951FFAADEB5}"
EndProject
Project("{2150E333-8FDC-42A3-9474-1A3956D46DE8}") = "Tests", "Tests", "{5E156080-8273-4426-89E6-6629A61E0913}"
EndProject
Project("{FAE04EC0-301F-11D3-BF4B-00C04F79EFBC}") = "Serialization.Tests", "test\Serialization.Tests\Serialization.Tests.csproj", "{19354A7C-2BE6-4A8F-BBD5-CC6AE05018A3}"
EndProject
Global
	GlobalSection(SolutionConfigurationPlatforms) = preSolution
		Debug|Any CPU = Debug|Any CPU
		Release|Any CPU = Release|Any CPU
	EndGlobalSection
	GlobalSection(ProjectConfigurationPlatforms) = postSolution
		{37F40162-5A1A-440C-A696-D951FFAADEB5}.Debug|Any CPU.ActiveCfg = Debug|Any CPU
		{37F40162-5A1A-440C-A696-D951FFAADEB5}.Debug|Any CPU.Build.0 = Debug|Any CPU
		{37F40162-5A1A-440C-A696-D951FFAADEB5}.Release|Any CPU.ActiveCfg = Release|Any CPU
		{37F40162-5A1A-440C-A696-D951FFAADEB5}.Release|Any CPU.Build.0 = Release|Any CPU
		{19354A7C-2BE6-4A8F-BBD5-CC6AE05018A3}.Debug|Any CPU.ActiveCfg = Debug|Any CPU
		{19354A7C-2BE6-4A8F-BBD5-CC6AE05018A3}.Debug|Any CPU.Build.0 = Debug|Any CPU
		{19354A7C-2BE6-4A8F-BBD5-CC6AE05018A3}.Release|Any CPU.ActiveCfg = Release|Any CPU
		{19354A7C-2BE6-4A8F-BBD5-CC6AE05018A3}.Release|Any CPU.Build.0 = Release|Any CPU
	EndGlobalSection
	GlobalSection(SolutionProperties) = preSolution
		HideSolutionNode = FALSE
	EndGlobalSection
	GlobalSection(NestedProjects) = preSolution
		{19354A7C-2BE6-4A8F-BBD5-CC6AE05018A3} = {5E156080-8273-4426-89E6-6629A61E0913}
	EndGlobalSection
	GlobalSection(ExtensibilityGlobals) = postSolution
		SolutionGuid = {D2DDF196-27B2-4007-8B38-6BFBD19B4677}
	EndGlobalSection
EndGlobal
